// !$*UTF8*$!
{
	archiveVersion = 1;
	classes = {
	};
	objectVersion = 50;
	objects = {

/* Begin PBXBuildFile section */
		A12BCAA923D5FE0500DC19D7 /* CustomButton.swift in Sources */ = {isa = PBXBuildFile; fileRef = A12BCAA823D5FE0500DC19D7 /* CustomButton.swift */; };
		A12BCAAB23D64CCF00DC19D7 /* NotificationSavedMessageView.swift in Sources */ = {isa = PBXBuildFile; fileRef = A12BCAAA23D64CCE00DC19D7 /* NotificationSavedMessageView.swift */; };
		A151E2FC23FCAECE004218B9 /* GTrackerTests.swift in Sources */ = {isa = PBXBuildFile; fileRef = A151E2FB23FCAECE004218B9 /* GTrackerTests.swift */; };
		A164C4FE23D69776002A2E60 /* BackgroundImage.swift in Sources */ = {isa = PBXBuildFile; fileRef = A164C4FD23D69776002A2E60 /* BackgroundImage.swift */; };
		A164C50023D698A2002A2E60 /* ItemInfoRow.swift in Sources */ = {isa = PBXBuildFile; fileRef = A164C4FF23D698A2002A2E60 /* ItemInfoRow.swift */; };
		A164C50423D69B1F002A2E60 /* PickerView.swift in Sources */ = {isa = PBXBuildFile; fileRef = A164C50323D69B1F002A2E60 /* PickerView.swift */; };
		A164C50623D69C51002A2E60 /* UpdateButton.swift in Sources */ = {isa = PBXBuildFile; fileRef = A164C50523D69C51002A2E60 /* UpdateButton.swift */; };
		A164C50923D6ABE4002A2E60 /* Extentions.swift in Sources */ = {isa = PBXBuildFile; fileRef = A164C50823D6ABE4002A2E60 /* Extentions.swift */; };
		A164C50B23D6ADF8002A2E60 /* AddItemView.swift in Sources */ = {isa = PBXBuildFile; fileRef = A164C50A23D6ADF8002A2E60 /* AddItemView.swift */; };
		A17E397723D119DF004B4E2B /* AppDelegate.swift in Sources */ = {isa = PBXBuildFile; fileRef = A17E397623D119DF004B4E2B /* AppDelegate.swift */; };
		A17E397923D119DF004B4E2B /* SceneDelegate.swift in Sources */ = {isa = PBXBuildFile; fileRef = A17E397823D119DF004B4E2B /* SceneDelegate.swift */; };
		A17E397B23D119DF004B4E2B /* HomeView.swift in Sources */ = {isa = PBXBuildFile; fileRef = A17E397A23D119DF004B4E2B /* HomeView.swift */; };
		A17E397D23D119E0004B4E2B /* Assets.xcassets in Resources */ = {isa = PBXBuildFile; fileRef = A17E397C23D119E0004B4E2B /* Assets.xcassets */; };
		A17E398023D119E0004B4E2B /* Preview Assets.xcassets in Resources */ = {isa = PBXBuildFile; fileRef = A17E397F23D119E0004B4E2B /* Preview Assets.xcassets */; };
		A17E398323D119E0004B4E2B /* LaunchScreen.storyboard in Resources */ = {isa = PBXBuildFile; fileRef = A17E398123D119E0004B4E2B /* LaunchScreen.storyboard */; };
		A17E398B23D119F3004B4E2B /* Item.swift in Sources */ = {isa = PBXBuildFile; fileRef = A17E398A23D119F3004B4E2B /* Item.swift */; };
		A1E544DC23D22B6E00FD34D8 /* GroceryTracker.swift in Sources */ = {isa = PBXBuildFile; fileRef = A1E544DB23D22B6E00FD34D8 /* GroceryTracker.swift */; };
		A1F55D9E23D254AE008631FD /* DetailView.swift in Sources */ = {isa = PBXBuildFile; fileRef = A1F55D9D23D254AE008631FD /* DetailView.swift */; };
		A1F55DA223D26D5D008631FD /* NotificationPublisher.swift in Sources */ = {isa = PBXBuildFile; fileRef = A1F55DA123D26D5D008631FD /* NotificationPublisher.swift */; };
		A1F55DA423D26D6B008631FD /* NotificationScheduler.swift in Sources */ = {isa = PBXBuildFile; fileRef = A1F55DA323D26D6B008631FD /* NotificationScheduler.swift */; };
		A1F55DA623D26D74008631FD /* Notification.swift in Sources */ = {isa = PBXBuildFile; fileRef = A1F55DA523D26D74008631FD /* Notification.swift */; };
/* End PBXBuildFile section */

/* Begin PBXContainerItemProxy section */
		A151E2FE23FCAECE004218B9 /* PBXContainerItemProxy */ = {
			isa = PBXContainerItemProxy;
			containerPortal = A17E396B23D119DF004B4E2B /* Project object */;
			proxyType = 1;
			remoteGlobalIDString = A17E397223D119DF004B4E2B;
			remoteInfo = GTracker;
		};
/* End PBXContainerItemProxy section */

/* Begin PBXFileReference section */
		A12BCAA823D5FE0500DC19D7 /* CustomButton.swift */ = {isa = PBXFileReference; lastKnownFileType = sourcecode.swift; path = CustomButton.swift; sourceTree = "<group>"; };
		A12BCAAA23D64CCE00DC19D7 /* NotificationSavedMessageView.swift */ = {isa = PBXFileReference; lastKnownFileType = sourcecode.swift; path = NotificationSavedMessageView.swift; sourceTree = "<group>"; };
		A151E2F923FCAECE004218B9 /* GTrackerTests.xctest */ = {isa = PBXFileReference; explicitFileType = wrapper.cfbundle; includeInIndex = 0; path = GTrackerTests.xctest; sourceTree = BUILT_PRODUCTS_DIR; };
		A151E2FB23FCAECE004218B9 /* GTrackerTests.swift */ = {isa = PBXFileReference; lastKnownFileType = sourcecode.swift; path = GTrackerTests.swift; sourceTree = "<group>"; };
		A151E2FD23FCAECE004218B9 /* Info.plist */ = {isa = PBXFileReference; lastKnownFileType = text.plist.xml; path = Info.plist; sourceTree = "<group>"; };
		A164C4FD23D69776002A2E60 /* BackgroundImage.swift */ = {isa = PBXFileReference; lastKnownFileType = sourcecode.swift; path = BackgroundImage.swift; sourceTree = "<group>"; };
		A164C4FF23D698A2002A2E60 /* ItemInfoRow.swift */ = {isa = PBXFileReference; lastKnownFileType = sourcecode.swift; path = ItemInfoRow.swift; sourceTree = "<group>"; };
		A164C50323D69B1F002A2E60 /* PickerView.swift */ = {isa = PBXFileReference; lastKnownFileType = sourcecode.swift; path = PickerView.swift; sourceTree = "<group>"; };
		A164C50523D69C51002A2E60 /* UpdateButton.swift */ = {isa = PBXFileReference; lastKnownFileType = sourcecode.swift; path = UpdateButton.swift; sourceTree = "<group>"; };
		A164C50823D6ABE4002A2E60 /* Extentions.swift */ = {isa = PBXFileReference; lastKnownFileType = sourcecode.swift; path = Extentions.swift; sourceTree = "<group>"; };
		A164C50A23D6ADF8002A2E60 /* AddItemView.swift */ = {isa = PBXFileReference; lastKnownFileType = sourcecode.swift; path = AddItemView.swift; sourceTree = "<group>"; };
		A17E397323D119DF004B4E2B /* GTracker.app */ = {isa = PBXFileReference; explicitFileType = wrapper.application; includeInIndex = 0; path = GTracker.app; sourceTree = BUILT_PRODUCTS_DIR; };
		A17E397623D119DF004B4E2B /* AppDelegate.swift */ = {isa = PBXFileReference; lastKnownFileType = sourcecode.swift; path = AppDelegate.swift; sourceTree = "<group>"; };
		A17E397823D119DF004B4E2B /* SceneDelegate.swift */ = {isa = PBXFileReference; lastKnownFileType = sourcecode.swift; path = SceneDelegate.swift; sourceTree = "<group>"; };
		A17E397A23D119DF004B4E2B /* HomeView.swift */ = {isa = PBXFileReference; lastKnownFileType = sourcecode.swift; path = HomeView.swift; sourceTree = "<group>"; };
		A17E397C23D119E0004B4E2B /* Assets.xcassets */ = {isa = PBXFileReference; lastKnownFileType = folder.assetcatalog; path = Assets.xcassets; sourceTree = "<group>"; };
		A17E397F23D119E0004B4E2B /* Preview Assets.xcassets */ = {isa = PBXFileReference; lastKnownFileType = folder.assetcatalog; path = "Preview Assets.xcassets"; sourceTree = "<group>"; };
		A17E398223D119E0004B4E2B /* Base */ = {isa = PBXFileReference; lastKnownFileType = file.storyboard; name = Base; path = Base.lproj/LaunchScreen.storyboard; sourceTree = "<group>"; };
		A17E398423D119E0004B4E2B /* Info.plist */ = {isa = PBXFileReference; lastKnownFileType = text.plist.xml; path = Info.plist; sourceTree = "<group>"; };
		A17E398A23D119F3004B4E2B /* Item.swift */ = {isa = PBXFileReference; lastKnownFileType = sourcecode.swift; path = Item.swift; sourceTree = "<group>"; };
		A1E544DB23D22B6E00FD34D8 /* GroceryTracker.swift */ = {isa = PBXFileReference; lastKnownFileType = sourcecode.swift; path = GroceryTracker.swift; sourceTree = "<group>"; };
		A1F55D9D23D254AE008631FD /* DetailView.swift */ = {isa = PBXFileReference; lastKnownFileType = sourcecode.swift; path = DetailView.swift; sourceTree = "<group>"; };
		A1F55DA123D26D5D008631FD /* NotificationPublisher.swift */ = {isa = PBXFileReference; fileEncoding = 4; lastKnownFileType = sourcecode.swift; path = NotificationPublisher.swift; sourceTree = "<group>"; };
		A1F55DA323D26D6B008631FD /* NotificationScheduler.swift */ = {isa = PBXFileReference; fileEncoding = 4; lastKnownFileType = sourcecode.swift; path = NotificationScheduler.swift; sourceTree = "<group>"; };
		A1F55DA523D26D74008631FD /* Notification.swift */ = {isa = PBXFileReference; fileEncoding = 4; lastKnownFileType = sourcecode.swift; path = Notification.swift; sourceTree = "<group>"; };
/* End PBXFileReference section */

/* Begin PBXFrameworksBuildPhase section */
		A151E2F623FCAECE004218B9 /* Frameworks */ = {
			isa = PBXFrameworksBuildPhase;
			buildActionMask = 2147483647;
			files = (
			);
			runOnlyForDeploymentPostprocessing = 0;
		};
		A17E397023D119DF004B4E2B /* Frameworks */ = {
			isa = PBXFrameworksBuildPhase;
			buildActionMask = 2147483647;
			files = (
			);
			runOnlyForDeploymentPostprocessing = 0;
		};
/* End PBXFrameworksBuildPhase section */

/* Begin PBXGroup section */
		A151E2FA23FCAECE004218B9 /* GTrackerTests */ = {
			isa = PBXGroup;
			children = (
				A151E2FB23FCAECE004218B9 /* GTrackerTests.swift */,
				A151E2FD23FCAECE004218B9 /* Info.plist */,
			);
			path = GTrackerTests;
			sourceTree = "<group>";
		};
		A164C4FA23D667C0002A2E60 /* Models */ = {
			isa = PBXGroup;
			children = (
				A17E398A23D119F3004B4E2B /* Item.swift */,
				A1F55DA523D26D74008631FD /* Notification.swift */,
			);
			path = Models;
			sourceTree = "<group>";
		};
		A164C50723D6A28B002A2E60 /* Components */ = {
			isa = PBXGroup;
			children = (
				A12BCAA823D5FE0500DC19D7 /* CustomButton.swift */,
				A164C4FF23D698A2002A2E60 /* ItemInfoRow.swift */,
				A164C50523D69C51002A2E60 /* UpdateButton.swift */,
				A164C50323D69B1F002A2E60 /* PickerView.swift */,
				A164C4FD23D69776002A2E60 /* BackgroundImage.swift */,
				A12BCAAA23D64CCE00DC19D7 /* NotificationSavedMessageView.swift */,
				A164C50A23D6ADF8002A2E60 /* AddItemView.swift */,
			);
			path = Components;
			sourceTree = "<group>";
		};
		A17E396A23D119DF004B4E2B = {
			isa = PBXGroup;
			children = (
				A17E397523D119DF004B4E2B /* GTracker */,
				A151E2FA23FCAECE004218B9 /* GTrackerTests */,
				A17E397423D119DF004B4E2B /* Products */,
			);
			sourceTree = "<group>";
		};
		A17E397423D119DF004B4E2B /* Products */ = {
			isa = PBXGroup;
			children = (
				A17E397323D119DF004B4E2B /* GTracker.app */,
				A151E2F923FCAECE004218B9 /* GTrackerTests.xctest */,
			);
			name = Products;
			sourceTree = "<group>";
		};
		A17E397523D119DF004B4E2B /* GTracker */ = {
			isa = PBXGroup;
			children = (
				A1E544DB23D22B6E00FD34D8 /* GroceryTracker.swift */,
				A1F55DA323D26D6B008631FD /* NotificationScheduler.swift */,
				A1F55DA123D26D5D008631FD /* NotificationPublisher.swift */,
				A1F55DA023D2672A008631FD /* Views */,
				A164C4FA23D667C0002A2E60 /* Models */,
				A1F55D9F23D26718008631FD /* Supporting Files */,
				A17E397C23D119E0004B4E2B /* Assets.xcassets */,
				A17E398423D119E0004B4E2B /* Info.plist */,
				A17E397E23D119E0004B4E2B /* Preview Content */,
			);
			path = GTracker;
			sourceTree = "<group>";
		};
		A17E397E23D119E0004B4E2B /* Preview Content */ = {
			isa = PBXGroup;
			children = (
				A17E397F23D119E0004B4E2B /* Preview Assets.xcassets */,
			);
			path = "Preview Content";
			sourceTree = "<group>";
		};
		A1F55D9F23D26718008631FD /* Supporting Files */ = {
			isa = PBXGroup;
			children = (
				A17E397623D119DF004B4E2B /* AppDelegate.swift */,
				A17E397823D119DF004B4E2B /* SceneDelegate.swift */,
				A17E398123D119E0004B4E2B /* LaunchScreen.storyboard */,
				A164C50823D6ABE4002A2E60 /* Extentions.swift */,
			);
			path = "Supporting Files";
			sourceTree = "<group>";
		};
		A1F55DA023D2672A008631FD /* Views */ = {
			isa = PBXGroup;
			children = (
				A164C50723D6A28B002A2E60 /* Components */,
				A17E397A23D119DF004B4E2B /* HomeView.swift */,
				A1F55D9D23D254AE008631FD /* DetailView.swift */,
			);
			path = Views;
			sourceTree = "<group>";
		};
/* End PBXGroup section */

/* Begin PBXNativeTarget section */
		A151E2F823FCAECE004218B9 /* GTrackerTests */ = {
			isa = PBXNativeTarget;
			buildConfigurationList = A151E30223FCAECE004218B9 /* Build configuration list for PBXNativeTarget "GTrackerTests" */;
			buildPhases = (
				A151E2F523FCAECE004218B9 /* Sources */,
				A151E2F623FCAECE004218B9 /* Frameworks */,
				A151E2F723FCAECE004218B9 /* Resources */,
			);
			buildRules = (
			);
			dependencies = (
				A151E2FF23FCAECE004218B9 /* PBXTargetDependency */,
			);
			name = GTrackerTests;
			productName = GTrackerTests;
			productReference = A151E2F923FCAECE004218B9 /* GTrackerTests.xctest */;
			productType = "com.apple.product-type.bundle.unit-test";
		};
		A17E397223D119DF004B4E2B /* GTracker */ = {
			isa = PBXNativeTarget;
			buildConfigurationList = A17E398723D119E0004B4E2B /* Build configuration list for PBXNativeTarget "GTracker" */;
			buildPhases = (
				A17E396F23D119DF004B4E2B /* Sources */,
				A17E397023D119DF004B4E2B /* Frameworks */,
				A17E397123D119DF004B4E2B /* Resources */,
			);
			buildRules = (
			);
			dependencies = (
			);
			name = GTracker;
			productName = GTracker;
			productReference = A17E397323D119DF004B4E2B /* GTracker.app */;
			productType = "com.apple.product-type.application";
		};
/* End PBXNativeTarget section */

/* Begin PBXProject section */
		A17E396B23D119DF004B4E2B /* Project object */ = {
			isa = PBXProject;
			attributes = {
				LastSwiftUpdateCheck = 1130;
				LastUpgradeCheck = 1130;
				ORGANIZATIONNAME = "Sajan Shrestha";
				TargetAttributes = {
					A151E2F823FCAECE004218B9 = {
						CreatedOnToolsVersion = 11.3.1;
						TestTargetID = A17E397223D119DF004B4E2B;
					};
					A17E397223D119DF004B4E2B = {
						CreatedOnToolsVersion = 11.3;
					};
				};
			};
			buildConfigurationList = A17E396E23D119DF004B4E2B /* Build configuration list for PBXProject "GTracker" */;
			compatibilityVersion = "Xcode 9.3";
			developmentRegion = en;
			hasScannedForEncodings = 0;
			knownRegions = (
				en,
				Base,
			);
			mainGroup = A17E396A23D119DF004B4E2B;
			productRefGroup = A17E397423D119DF004B4E2B /* Products */;
			projectDirPath = "";
			projectRoot = "";
			targets = (
				A17E397223D119DF004B4E2B /* GTracker */,
				A151E2F823FCAECE004218B9 /* GTrackerTests */,
			);
		};
/* End PBXProject section */

/* Begin PBXResourcesBuildPhase section */
		A151E2F723FCAECE004218B9 /* Resources */ = {
			isa = PBXResourcesBuildPhase;
			buildActionMask = 2147483647;
			files = (
			);
			runOnlyForDeploymentPostprocessing = 0;
		};
		A17E397123D119DF004B4E2B /* Resources */ = {
			isa = PBXResourcesBuildPhase;
			buildActionMask = 2147483647;
			files = (
				A17E398323D119E0004B4E2B /* LaunchScreen.storyboard in Resources */,
				A17E398023D119E0004B4E2B /* Preview Assets.xcassets in Resources */,
				A17E397D23D119E0004B4E2B /* Assets.xcassets in Resources */,
			);
			runOnlyForDeploymentPostprocessing = 0;
		};
/* End PBXResourcesBuildPhase section */

/* Begin PBXSourcesBuildPhase section */
		A151E2F523FCAECE004218B9 /* Sources */ = {
			isa = PBXSourcesBuildPhase;
			buildActionMask = 2147483647;
			files = (
				A151E2FC23FCAECE004218B9 /* GTrackerTests.swift in Sources */,
			);
			runOnlyForDeploymentPostprocessing = 0;
		};
		A17E396F23D119DF004B4E2B /* Sources */ = {
			isa = PBXSourcesBuildPhase;
			buildActionMask = 2147483647;
			files = (
				A164C50B23D6ADF8002A2E60 /* AddItemView.swift in Sources */,
				A12BCAAB23D64CCF00DC19D7 /* NotificationSavedMessageView.swift in Sources */,
				A1E544DC23D22B6E00FD34D8 /* GroceryTracker.swift in Sources */,
				A17E398B23D119F3004B4E2B /* Item.swift in Sources */,
				A164C4FE23D69776002A2E60 /* BackgroundImage.swift in Sources */,
				A17E397723D119DF004B4E2B /* AppDelegate.swift in Sources */,
				A1F55DA223D26D5D008631FD /* NotificationPublisher.swift in Sources */,
				A12BCAA923D5FE0500DC19D7 /* CustomButton.swift in Sources */,
				A1F55DA423D26D6B008631FD /* NotificationScheduler.swift in Sources */,
				A164C50023D698A2002A2E60 /* ItemInfoRow.swift in Sources */,
				A164C50623D69C51002A2E60 /* UpdateButton.swift in Sources */,
				A1F55D9E23D254AE008631FD /* DetailView.swift in Sources */,
				A1F55DA623D26D74008631FD /* Notification.swift in Sources */,
				A164C50923D6ABE4002A2E60 /* Extentions.swift in Sources */,
				A17E397923D119DF004B4E2B /* SceneDelegate.swift in Sources */,
				A164C50423D69B1F002A2E60 /* PickerView.swift in Sources */,
				A17E397B23D119DF004B4E2B /* HomeView.swift in Sources */,
			);
			runOnlyForDeploymentPostprocessing = 0;
		};
/* End PBXSourcesBuildPhase section */

/* Begin PBXTargetDependency section */
		A151E2FF23FCAECE004218B9 /* PBXTargetDependency */ = {
			isa = PBXTargetDependency;
			target = A17E397223D119DF004B4E2B /* GTracker */;
			targetProxy = A151E2FE23FCAECE004218B9 /* PBXContainerItemProxy */;
		};
/* End PBXTargetDependency section */

/* Begin PBXVariantGroup section */
		A17E398123D119E0004B4E2B /* LaunchScreen.storyboard */ = {
			isa = PBXVariantGroup;
			children = (
				A17E398223D119E0004B4E2B /* Base */,
			);
			name = LaunchScreen.storyboard;
			sourceTree = "<group>";
		};
/* End PBXVariantGroup section */

/* Begin XCBuildConfiguration section */
		A151E30023FCAECE004218B9 /* Debug */ = {
			isa = XCBuildConfiguration;
			buildSettings = {
				BUNDLE_LOADER = "$(TEST_HOST)";
				CODE_SIGN_STYLE = Automatic;
				DEVELOPMENT_TEAM = 48AX4GN775;
				INFOPLIST_FILE = GTrackerTests/Info.plist;
				LD_RUNPATH_SEARCH_PATHS = (
					"$(inherited)",
					"@executable_path/Frameworks",
					"@loader_path/Frameworks",
				);
				PRODUCT_BUNDLE_IDENTIFIER = sajan.GTrackerTests;
				PRODUCT_NAME = "$(TARGET_NAME)";
				SWIFT_VERSION = 5.0;
				TARGETED_DEVICE_FAMILY = "1,2";
				TEST_HOST = "$(BUILT_PRODUCTS_DIR)/GTracker.app/GTracker";
			};
			name = Debug;
		};
		A151E30123FCAECE004218B9 /* Release */ = {
			isa = XCBuildConfiguration;
			buildSettings = {
				BUNDLE_LOADER = "$(TEST_HOST)";
				CODE_SIGN_STYLE = Automatic;
				DEVELOPMENT_TEAM = 48AX4GN775;
				INFOPLIST_FILE = GTrackerTests/Info.plist;
				LD_RUNPATH_SEARCH_PATHS = (
					"$(inherited)",
					"@executable_path/Frameworks",
					"@loader_path/Frameworks",
				);
				PRODUCT_BUNDLE_IDENTIFIER = sajan.GTrackerTests;
				PRODUCT_NAME = "$(TARGET_NAME)";
				SWIFT_VERSION = 5.0;
				TARGETED_DEVICE_FAMILY = "1,2";
				TEST_HOST = "$(BUILT_PRODUCTS_DIR)/GTracker.app/GTracker";
			};
			name = Release;
		};
		A17E398523D119E0004B4E2B /* Debug */ = {
			isa = XCBuildConfiguration;
			buildSettings = {
				ALWAYS_SEARCH_USER_PATHS = NO;
				CLANG_ANALYZER_NONNULL = YES;
				CLANG_ANALYZER_NUMBER_OBJECT_CONVERSION = YES_AGGRESSIVE;
				CLANG_CXX_LANGUAGE_STANDARD = "gnu++14";
				CLANG_CXX_LIBRARY = "libc++";
				CLANG_ENABLE_MODULES = YES;
				CLANG_ENABLE_OBJC_ARC = YES;
				CLANG_ENABLE_OBJC_WEAK = YES;
				CLANG_WARN_BLOCK_CAPTURE_AUTORELEASING = YES;
				CLANG_WARN_BOOL_CONVERSION = YES;
				CLANG_WARN_COMMA = YES;
				CLANG_WARN_CONSTANT_CONVERSION = YES;
				CLANG_WARN_DEPRECATED_OBJC_IMPLEMENTATIONS = YES;
				CLANG_WARN_DIRECT_OBJC_ISA_USAGE = YES_ERROR;
				CLANG_WARN_DOCUMENTATION_COMMENTS = YES;
				CLANG_WARN_EMPTY_BODY = YES;
				CLANG_WARN_ENUM_CONVERSION = YES;
				CLANG_WARN_INFINITE_RECURSION = YES;
				CLANG_WARN_INT_CONVERSION = YES;
				CLANG_WARN_NON_LITERAL_NULL_CONVERSION = YES;
				CLANG_WARN_OBJC_IMPLICIT_RETAIN_SELF = YES;
				CLANG_WARN_OBJC_LITERAL_CONVERSION = YES;
				CLANG_WARN_OBJC_ROOT_CLASS = YES_ERROR;
				CLANG_WARN_RANGE_LOOP_ANALYSIS = YES;
				CLANG_WARN_STRICT_PROTOTYPES = YES;
				CLANG_WARN_SUSPICIOUS_MOVE = YES;
				CLANG_WARN_UNGUARDED_AVAILABILITY = YES_AGGRESSIVE;
				CLANG_WARN_UNREACHABLE_CODE = YES;
				CLANG_WARN__DUPLICATE_METHOD_MATCH = YES;
				COPY_PHASE_STRIP = NO;
				DEBUG_INFORMATION_FORMAT = dwarf;
				ENABLE_STRICT_OBJC_MSGSEND = YES;
				ENABLE_TESTABILITY = YES;
				GCC_C_LANGUAGE_STANDARD = gnu11;
				GCC_DYNAMIC_NO_PIC = NO;
				GCC_NO_COMMON_BLOCKS = YES;
				GCC_OPTIMIZATION_LEVEL = 0;
				GCC_PREPROCESSOR_DEFINITIONS = (
					"DEBUG=1",
					"$(inherited)",
				);
				GCC_WARN_64_TO_32_BIT_CONVERSION = YES;
				GCC_WARN_ABOUT_RETURN_TYPE = YES_ERROR;
				GCC_WARN_UNDECLARED_SELECTOR = YES;
				GCC_WARN_UNINITIALIZED_AUTOS = YES_AGGRESSIVE;
				GCC_WARN_UNUSED_FUNCTION = YES;
				GCC_WARN_UNUSED_VARIABLE = YES;
				IPHONEOS_DEPLOYMENT_TARGET = 13.2;
				MTL_ENABLE_DEBUG_INFO = INCLUDE_SOURCE;
				MTL_FAST_MATH = YES;
				ONLY_ACTIVE_ARCH = YES;
				SDKROOT = iphoneos;
				SWIFT_ACTIVE_COMPILATION_CONDITIONS = DEBUG;
				SWIFT_OPTIMIZATION_LEVEL = "-Onone";
			};
			name = Debug;
		};
		A17E398623D119E0004B4E2B /* Release */ = {
			isa = XCBuildConfiguration;
			buildSettings = {
				ALWAYS_SEARCH_USER_PATHS = NO;
				CLANG_ANALYZER_NONNULL = YES;
				CLANG_ANALYZER_NUMBER_OBJECT_CONVERSION = YES_AGGRESSIVE;
				CLANG_CXX_LANGUAGE_STANDARD = "gnu++14";
				CLANG_CXX_LIBRARY = "libc++";
				CLANG_ENABLE_MODULES = YES;
				CLANG_ENABLE_OBJC_ARC = YES;
				CLANG_ENABLE_OBJC_WEAK = YES;
				CLANG_WARN_BLOCK_CAPTURE_AUTORELEASING = YES;
				CLANG_WARN_BOOL_CONVERSION = YES;
				CLANG_WARN_COMMA = YES;
				CLANG_WARN_CONSTANT_CONVERSION = YES;
				CLANG_WARN_DEPRECATED_OBJC_IMPLEMENTATIONS = YES;
				CLANG_WARN_DIRECT_OBJC_ISA_USAGE = YES_ERROR;
				CLANG_WARN_DOCUMENTATION_COMMENTS = YES;
				CLANG_WARN_EMPTY_BODY = YES;
				CLANG_WARN_ENUM_CONVERSION = YES;
				CLANG_WARN_INFINITE_RECURSION = YES;
				CLANG_WARN_INT_CONVERSION = YES;
				CLANG_WARN_NON_LITERAL_NULL_CONVERSION = YES;
				CLANG_WARN_OBJC_IMPLICIT_RETAIN_SELF = YES;
				CLANG_WARN_OBJC_LITERAL_CONVERSION = YES;
				CLANG_WARN_OBJC_ROOT_CLASS = YES_ERROR;
				CLANG_WARN_RANGE_LOOP_ANALYSIS = YES;
				CLANG_WARN_STRICT_PROTOTYPES = YES;
				CLANG_WARN_SUSPICIOUS_MOVE = YES;
				CLANG_WARN_UNGUARDED_AVAILABILITY = YES_AGGRESSIVE;
				CLANG_WARN_UNREACHABLE_CODE = YES;
				CLANG_WARN__DUPLICATE_METHOD_MATCH = YES;
				COPY_PHASE_STRIP = NO;
				DEBUG_INFORMATION_FORMAT = "dwarf-with-dsym";
				ENABLE_NS_ASSERTIONS = NO;
				ENABLE_STRICT_OBJC_MSGSEND = YES;
				GCC_C_LANGUAGE_STANDARD = gnu11;
				GCC_NO_COMMON_BLOCKS = YES;
				GCC_WARN_64_TO_32_BIT_CONVERSION = YES;
				GCC_WARN_ABOUT_RETURN_TYPE = YES_ERROR;
				GCC_WARN_UNDECLARED_SELECTOR = YES;
				GCC_WARN_UNINITIALIZED_AUTOS = YES_AGGRESSIVE;
				GCC_WARN_UNUSED_FUNCTION = YES;
				GCC_WARN_UNUSED_VARIABLE = YES;
				IPHONEOS_DEPLOYMENT_TARGET = 13.2;
				MTL_ENABLE_DEBUG_INFO = NO;
				MTL_FAST_MATH = YES;
				SDKROOT = iphoneos;
				SWIFT_COMPILATION_MODE = wholemodule;
				SWIFT_OPTIMIZATION_LEVEL = "-O";
				VALIDATE_PRODUCT = YES;
			};
			name = Release;
		};
		A17E398823D119E0004B4E2B /* Debug */ = {
			isa = XCBuildConfiguration;
			buildSettings = {
				ASSETCATALOG_COMPILER_APPICON_NAME = AppIcon;
				CODE_SIGN_STYLE = Automatic;
				DEVELOPMENT_ASSET_PATHS = "\"GTracker/Preview Content\"";
				DEVELOPMENT_TEAM = 48AX4GN775;
				ENABLE_PREVIEWS = YES;
				INFOPLIST_FILE = GTracker/Info.plist;
				LD_RUNPATH_SEARCH_PATHS = (
					"$(inherited)",
					"@executable_path/Frameworks",
				);
				PRODUCT_BUNDLE_IDENTIFIER = sajan.GTracker;
				PRODUCT_NAME = "$(TARGET_NAME)";
				SWIFT_VERSION = 5.0;
				TARGETED_DEVICE_FAMILY = "1,2";
			};
			name = Debug;
		};
		A17E398923D119E0004B4E2B /* Release */ = {
			isa = XCBuildConfiguration;
			buildSettings = {
				ASSETCATALOG_COMPILER_APPICON_NAME = AppIcon;
				CODE_SIGN_STYLE = Automatic;
				DEVELOPMENT_ASSET_PATHS = "\"GTracker/Preview Content\"";
				DEVELOPMENT_TEAM = 48AX4GN775;
				ENABLE_PREVIEWS = YES;
				INFOPLIST_FILE = GTracker/Info.plist;
				LD_RUNPATH_SEARCH_PATHS = (
					"$(inherited)",
					"@executable_path/Frameworks",
				);
				PRODUCT_BUNDLE_IDENTIFIER = sajan.GTracker;
				PRODUCT_NAME = "$(TARGET_NAME)";
				SWIFT_VERSION = 5.0;
				TARGETED_DEVICE_FAMILY = "1,2";
			};
			name = Release;
		};
/* End XCBuildConfiguration section */

/* Begin XCConfigurationList section */
		A151E30223FCAECE004218B9 /* Build configuration list for PBXNativeTarget "GTrackerTests" */ = {
			isa = XCConfigurationList;
			buildConfigurations = (
				A151E30023FCAECE004218B9 /* Debug */,
				A151E30123FCAECE004218B9 /* Release */,
			);
			defaultConfigurationIsVisible = 0;
			defaultConfigurationName = Release;
		};
		A17E396E23D119DF004B4E2B /* Build configuration list for PBXProject "GTracker" */ = {
			isa = XCConfigurationList;
			buildConfigurations = (
				A17E398523D119E0004B4E2B /* Debug */,
				A17E398623D119E0004B4E2B /* Release */,
			);
			defaultConfigurationIsVisible = 0;
			defaultConfigurationName = Release;
		};
		A17E398723D119E0004B4E2B /* Build configuration list for PBXNativeTarget "GTracker" */ = {
			isa = XCConfigurationList;
			buildConfigurations = (
				A17E398823D119E0004B4E2B /* Debug */,
				A17E398923D119E0004B4E2B /* Release */,
			);
			defaultConfigurationIsVisible = 0;
			defaultConfigurationName = Release;
		};
/* End XCConfigurationList section */
	};
	rootObject = A17E396B23D119DF004B4E2B /* Project object */;
}
